// !$*UTF8*$!
{
	archiveVersion = 1;
	classes = {
	};
	objectVersion = 50;
	objects = {

/* Begin PBXBuildFile section */
		31423BC5220CD7EC00BAF451 /* ProjectController.swift in Sources */ = {isa = PBXBuildFile; fileRef = 31423BC4220CD7EC00BAF451 /* ProjectController.swift */; };
		31423BC7220CD88900BAF451 /* ProjectView.swift in Sources */ = {isa = PBXBuildFile; fileRef = 31423BC6220CD88900BAF451 /* ProjectView.swift */; };
		31423BC9220CDBBF00BAF451 /* ProjectModel.swift in Sources */ = {isa = PBXBuildFile; fileRef = 31423BC8220CDBBF00BAF451 /* ProjectModel.swift */; };
		540534242209D42600FD431D /* DocumentationView.swift in Sources */ = {isa = PBXBuildFile; fileRef = 540534232209D42600FD431D /* DocumentationView.swift */; };
		54053426220A176000FD431D /* PackagesView.swift in Sources */ = {isa = PBXBuildFile; fileRef = 54053425220A175F00FD431D /* PackagesView.swift */; };
		54053428220A21C500FD431D /* AboutView.swift in Sources */ = {isa = PBXBuildFile; fileRef = 54053427220A21C500FD431D /* AboutView.swift */; };
		5405342A220A21CA00FD431D /* AboutController.swift in Sources */ = {isa = PBXBuildFile; fileRef = 54053429220A21CA00FD431D /* AboutController.swift */; };
		5405342E220B224500FD431D /* UICellTextArrow.swift in Sources */ = {isa = PBXBuildFile; fileRef = 5405342D220B224500FD431D /* UICellTextArrow.swift */; };
		54053436220B24FB00FD431D /* SettingsModel.swift in Sources */ = {isa = PBXBuildFile; fileRef = 54053435220B24FB00FD431D /* SettingsModel.swift */; };
		5405343C220BB25A00FD431D /* ProjectAPI.swift in Sources */ = {isa = PBXBuildFile; fileRef = 5405343B220BB25A00FD431D /* ProjectAPI.swift */; };
		5405343F220BB33300FD431D /* ProjectListView.swift in Sources */ = {isa = PBXBuildFile; fileRef = 5405343E220BB33300FD431D /* ProjectListView.swift */; };
		54053441220BB34B00FD431D /* ProjectTableCellView.swift in Sources */ = {isa = PBXBuildFile; fileRef = 54053440220BB34B00FD431D /* ProjectTableCellView.swift */; };
		54053444220BB37500FD431D /* ProjectListModel.swift in Sources */ = {isa = PBXBuildFile; fileRef = 54053443220BB37500FD431D /* ProjectListModel.swift */; };
		54053446220C49A800FD431D /* ProfileAPI.swift in Sources */ = {isa = PBXBuildFile; fileRef = 54053445220C49A800FD431D /* ProfileAPI.swift */; };
		54053448220C4CB300FD431D /* ProfileController.swift in Sources */ = {isa = PBXBuildFile; fileRef = 54053447220C4CB300FD431D /* ProfileController.swift */; };
		5405344A220C4CFC00FD431D /* ProfileCellAvatarView.swift in Sources */ = {isa = PBXBuildFile; fileRef = 54053449220C4CFC00FD431D /* ProfileCellAvatarView.swift */; };
		54053458220C6C6900FD431D /* ProfileModel.swift in Sources */ = {isa = PBXBuildFile; fileRef = 54053457220C6C6900FD431D /* ProfileModel.swift */; };
		5405345A220CD79200FD431D /* ProfileEditController.swift in Sources */ = {isa = PBXBuildFile; fileRef = 54053459220CD79200FD431D /* ProfileEditController.swift */; };
		5405345C220DA3E800FD431D /* SecurityController.swift in Sources */ = {isa = PBXBuildFile; fileRef = 5405345B220DA3E800FD431D /* SecurityController.swift */; };
		5405345E220DA43500FD431D /* SecurityModel.swift in Sources */ = {isa = PBXBuildFile; fileRef = 5405345D220DA43500FD431D /* SecurityModel.swift */; };
		54053461220DDB8600FD431D /* UICellTitleInput.swift in Sources */ = {isa = PBXBuildFile; fileRef = 54053460220DDB8600FD431D /* UICellTitleInput.swift */; };
		54053463220DE11600FD431D /* UICellTitleText.swift in Sources */ = {isa = PBXBuildFile; fileRef = 54053462220DE11600FD431D /* UICellTitleText.swift */; };
		54053465220E04E800FD431D /* UICellNotes.swift in Sources */ = {isa = PBXBuildFile; fileRef = 54053464220E04E800FD431D /* UICellNotes.swift */; };
		54053467220F1CCF00FD431D /* ProfileModel copy.swift in Sources */ = {isa = PBXBuildFile; fileRef = 54053466220F1CCF00FD431D /* ProfileModel copy.swift */; };
		54053469220F221200FD431D /* ProfileAPIProfileModel.swift in Sources */ = {isa = PBXBuildFile; fileRef = 54053468220F221200FD431D /* ProfileAPIProfileModel.swift */; };
		5445738122075682009F2416 /* AuthModel.swift in Sources */ = {isa = PBXBuildFile; fileRef = 5445738022075682009F2416 /* AuthModel.swift */; };
		5445738722076D35009F2416 /* AuthSignInController.swift in Sources */ = {isa = PBXBuildFile; fileRef = 5445738622076D35009F2416 /* AuthSignInController.swift */; };
		5445738A22077940009F2416 /* PaletteConfig.swift in Sources */ = {isa = PBXBuildFile; fileRef = 5445738922077940009F2416 /* PaletteConfig.swift */; };
		5445738C2207886F009F2416 /* AuthSignInView.swift in Sources */ = {isa = PBXBuildFile; fileRef = 5445738B2207886F009F2416 /* AuthSignInView.swift */; };
		5445738E22078CA7009F2416 /* UtilitiesUI.swift in Sources */ = {isa = PBXBuildFile; fileRef = 5445738D22078CA7009F2416 /* UtilitiesUI.swift */; };
		544573902207A185009F2416 /* Utilities.swift in Sources */ = {isa = PBXBuildFile; fileRef = 5445738F2207A185009F2416 /* Utilities.swift */; };
		544573922207AAB9009F2416 /* DashboardController.swift in Sources */ = {isa = PBXBuildFile; fileRef = 544573912207AAB9009F2416 /* DashboardController.swift */; };
		544573942207ACF4009F2416 /* AuthSignUpController.swift in Sources */ = {isa = PBXBuildFile; fileRef = 544573932207ACF4009F2416 /* AuthSignUpController.swift */; };
		544573962207AD0D009F2416 /* AuthSignUpView.swift in Sources */ = {isa = PBXBuildFile; fileRef = 544573952207AD0D009F2416 /* AuthSignUpView.swift */; };
		549D5B7E21D414CA00A7991B /* AppDelegate.swift in Sources */ = {isa = PBXBuildFile; fileRef = 549D5B7D21D414CA00A7991B /* AppDelegate.swift */; };
		549D5B8021D414CA00A7991B /* RootController.swift in Sources */ = {isa = PBXBuildFile; fileRef = 549D5B7F21D414CA00A7991B /* RootController.swift */; };
		549D5B8521D414CC00A7991B /* Assets.xcassets in Resources */ = {isa = PBXBuildFile; fileRef = 549D5B8421D414CC00A7991B /* Assets.xcassets */; };
		549D5B8821D414CC00A7991B /* LaunchScreen.storyboard in Resources */ = {isa = PBXBuildFile; fileRef = 549D5B8621D414CC00A7991B /* LaunchScreen.storyboard */; };
		54F98FCF2208B6310030ED4C /* ServerConfig.swift in Sources */ = {isa = PBXBuildFile; fileRef = 54F98FCE2208B6310030ED4C /* ServerConfig.swift */; };
		54F98FD22208CE3F0030ED4C /* AuthAPI.swift in Sources */ = {isa = PBXBuildFile; fileRef = 54F98FD12208CE3F0030ED4C /* AuthAPI.swift */; };
		54F98FD62208FB280030ED4C /* DocumentationController.swift in Sources */ = {isa = PBXBuildFile; fileRef = 54F98FD52208FB280030ED4C /* DocumentationController.swift */; };
		54F98FD82208FE290030ED4C /* SettingsController.swift in Sources */ = {isa = PBXBuildFile; fileRef = 54F98FD72208FE280030ED4C /* SettingsController.swift */; };
		54F98FDB220901000030ED4C /* ProjectsController.swift in Sources */ = {isa = PBXBuildFile; fileRef = 54F98FDA220901000030ED4C /* ProjectsController.swift */; };
		54F98FDD220901310030ED4C /* PackagesController.swift in Sources */ = {isa = PBXBuildFile; fileRef = 54F98FDC220901310030ED4C /* PackagesController.swift */; };
		925F6BAE140A671DFEACB28D /* Pods_EvoDoc.framework in Frameworks */ = {isa = PBXBuildFile; fileRef = 6F2BFE76F5AC2B6D14839743 /* Pods_EvoDoc.framework */; };
/* End PBXBuildFile section */

/* Begin PBXFileReference section */
		31423BC4220CD7EC00BAF451 /* ProjectController.swift */ = {isa = PBXFileReference; lastKnownFileType = sourcecode.swift; path = ProjectController.swift; sourceTree = "<group>"; };
		31423BC6220CD88900BAF451 /* ProjectView.swift */ = {isa = PBXFileReference; lastKnownFileType = sourcecode.swift; path = ProjectView.swift; sourceTree = "<group>"; };
		31423BC8220CDBBF00BAF451 /* ProjectModel.swift */ = {isa = PBXFileReference; lastKnownFileType = sourcecode.swift; path = ProjectModel.swift; sourceTree = "<group>"; };
		3279A96B9D2D53D7F85B64C7 /* Pods-EvoDoc.release.xcconfig */ = {isa = PBXFileReference; includeInIndex = 1; lastKnownFileType = text.xcconfig; name = "Pods-EvoDoc.release.xcconfig"; path = "Pods/Target Support Files/Pods-EvoDoc/Pods-EvoDoc.release.xcconfig"; sourceTree = "<group>"; };
		540534232209D42600FD431D /* DocumentationView.swift */ = {isa = PBXFileReference; lastKnownFileType = sourcecode.swift; path = DocumentationView.swift; sourceTree = "<group>"; };
		54053425220A175F00FD431D /* PackagesView.swift */ = {isa = PBXFileReference; lastKnownFileType = sourcecode.swift; path = PackagesView.swift; sourceTree = "<group>"; };
		54053427220A21C500FD431D /* AboutView.swift */ = {isa = PBXFileReference; lastKnownFileType = sourcecode.swift; path = AboutView.swift; sourceTree = "<group>"; };
		54053429220A21CA00FD431D /* AboutController.swift */ = {isa = PBXFileReference; lastKnownFileType = sourcecode.swift; path = AboutController.swift; sourceTree = "<group>"; };
		5405342D220B224500FD431D /* UICellTextArrow.swift */ = {isa = PBXFileReference; lastKnownFileType = sourcecode.swift; path = UICellTextArrow.swift; sourceTree = "<group>"; };
		54053435220B24FB00FD431D /* SettingsModel.swift */ = {isa = PBXFileReference; lastKnownFileType = sourcecode.swift; path = SettingsModel.swift; sourceTree = "<group>"; };
		5405343B220BB25A00FD431D /* ProjectAPI.swift */ = {isa = PBXFileReference; lastKnownFileType = sourcecode.swift; path = ProjectAPI.swift; sourceTree = "<group>"; };
		5405343E220BB33300FD431D /* ProjectListView.swift */ = {isa = PBXFileReference; lastKnownFileType = sourcecode.swift; path = ProjectListView.swift; sourceTree = "<group>"; };
		54053440220BB34B00FD431D /* ProjectTableCellView.swift */ = {isa = PBXFileReference; lastKnownFileType = sourcecode.swift; path = ProjectTableCellView.swift; sourceTree = "<group>"; };
		54053443220BB37500FD431D /* ProjectListModel.swift */ = {isa = PBXFileReference; lastKnownFileType = sourcecode.swift; path = ProjectListModel.swift; sourceTree = "<group>"; };
		54053445220C49A800FD431D /* ProfileAPI.swift */ = {isa = PBXFileReference; lastKnownFileType = sourcecode.swift; path = ProfileAPI.swift; sourceTree = "<group>"; };
		54053447220C4CB300FD431D /* ProfileController.swift */ = {isa = PBXFileReference; lastKnownFileType = sourcecode.swift; path = ProfileController.swift; sourceTree = "<group>"; };
		54053449220C4CFC00FD431D /* ProfileCellAvatarView.swift */ = {isa = PBXFileReference; lastKnownFileType = sourcecode.swift; path = ProfileCellAvatarView.swift; sourceTree = "<group>"; };
		54053457220C6C6900FD431D /* ProfileModel.swift */ = {isa = PBXFileReference; lastKnownFileType = sourcecode.swift; path = ProfileModel.swift; sourceTree = "<group>"; };
		54053459220CD79200FD431D /* ProfileEditController.swift */ = {isa = PBXFileReference; lastKnownFileType = sourcecode.swift; path = ProfileEditController.swift; sourceTree = "<group>"; };
		5405345B220DA3E800FD431D /* SecurityController.swift */ = {isa = PBXFileReference; lastKnownFileType = sourcecode.swift; path = SecurityController.swift; sourceTree = "<group>"; };
		5405345D220DA43500FD431D /* SecurityModel.swift */ = {isa = PBXFileReference; lastKnownFileType = sourcecode.swift; path = SecurityModel.swift; sourceTree = "<group>"; };
		54053460220DDB8600FD431D /* UICellTitleInput.swift */ = {isa = PBXFileReference; lastKnownFileType = sourcecode.swift; path = UICellTitleInput.swift; sourceTree = "<group>"; };
		54053462220DE11600FD431D /* UICellTitleText.swift */ = {isa = PBXFileReference; lastKnownFileType = sourcecode.swift; path = UICellTitleText.swift; sourceTree = "<group>"; };
		54053464220E04E800FD431D /* UICellNotes.swift */ = {isa = PBXFileReference; lastKnownFileType = sourcecode.swift; path = UICellNotes.swift; sourceTree = "<group>"; };
		54053466220F1CCF00FD431D /* ProfileModel copy.swift */ = {isa = PBXFileReference; lastKnownFileType = sourcecode.swift; path = "ProfileModel copy.swift"; sourceTree = "<group>"; };
		54053468220F221200FD431D /* ProfileAPIProfileModel.swift */ = {isa = PBXFileReference; lastKnownFileType = sourcecode.swift; path = ProfileAPIProfileModel.swift; sourceTree = "<group>"; };
		5445738022075682009F2416 /* AuthModel.swift */ = {isa = PBXFileReference; lastKnownFileType = sourcecode.swift; path = AuthModel.swift; sourceTree = "<group>"; };
		5445738622076D35009F2416 /* AuthSignInController.swift */ = {isa = PBXFileReference; lastKnownFileType = sourcecode.swift; path = AuthSignInController.swift; sourceTree = "<group>"; };
		5445738922077940009F2416 /* PaletteConfig.swift */ = {isa = PBXFileReference; lastKnownFileType = sourcecode.swift; path = PaletteConfig.swift; sourceTree = "<group>"; };
		5445738B2207886F009F2416 /* AuthSignInView.swift */ = {isa = PBXFileReference; lastKnownFileType = sourcecode.swift; path = AuthSignInView.swift; sourceTree = "<group>"; };
		5445738D22078CA7009F2416 /* UtilitiesUI.swift */ = {isa = PBXFileReference; lastKnownFileType = sourcecode.swift; path = UtilitiesUI.swift; sourceTree = "<group>"; };
		5445738F2207A185009F2416 /* Utilities.swift */ = {isa = PBXFileReference; lastKnownFileType = sourcecode.swift; path = Utilities.swift; sourceTree = "<group>"; };
		544573912207AAB9009F2416 /* DashboardController.swift */ = {isa = PBXFileReference; lastKnownFileType = sourcecode.swift; path = DashboardController.swift; sourceTree = "<group>"; };
		544573932207ACF4009F2416 /* AuthSignUpController.swift */ = {isa = PBXFileReference; lastKnownFileType = sourcecode.swift; path = AuthSignUpController.swift; sourceTree = "<group>"; };
		544573952207AD0D009F2416 /* AuthSignUpView.swift */ = {isa = PBXFileReference; lastKnownFileType = sourcecode.swift; path = AuthSignUpView.swift; sourceTree = "<group>"; };
		549D5B7A21D414CA00A7991B /* EvoDoc.app */ = {isa = PBXFileReference; explicitFileType = wrapper.application; includeInIndex = 0; path = EvoDoc.app; sourceTree = BUILT_PRODUCTS_DIR; };
		549D5B7D21D414CA00A7991B /* AppDelegate.swift */ = {isa = PBXFileReference; lastKnownFileType = sourcecode.swift; path = AppDelegate.swift; sourceTree = "<group>"; };
		549D5B7F21D414CA00A7991B /* RootController.swift */ = {isa = PBXFileReference; lastKnownFileType = sourcecode.swift; path = RootController.swift; sourceTree = "<group>"; };
		549D5B8421D414CC00A7991B /* Assets.xcassets */ = {isa = PBXFileReference; lastKnownFileType = folder.assetcatalog; path = Assets.xcassets; sourceTree = "<group>"; };
		549D5B8721D414CC00A7991B /* Base */ = {isa = PBXFileReference; lastKnownFileType = file.storyboard; name = Base; path = Base.lproj/LaunchScreen.storyboard; sourceTree = "<group>"; };
		549D5B8921D414CC00A7991B /* Info.plist */ = {isa = PBXFileReference; lastKnownFileType = text.plist.xml; path = Info.plist; sourceTree = "<group>"; };
		54F98FCE2208B6310030ED4C /* ServerConfig.swift */ = {isa = PBXFileReference; lastKnownFileType = sourcecode.swift; path = ServerConfig.swift; sourceTree = "<group>"; };
		54F98FD12208CE3F0030ED4C /* AuthAPI.swift */ = {isa = PBXFileReference; lastKnownFileType = sourcecode.swift; path = AuthAPI.swift; sourceTree = "<group>"; };
		54F98FD52208FB280030ED4C /* DocumentationController.swift */ = {isa = PBXFileReference; lastKnownFileType = sourcecode.swift; path = DocumentationController.swift; sourceTree = "<group>"; };
		54F98FD72208FE280030ED4C /* SettingsController.swift */ = {isa = PBXFileReference; lastKnownFileType = sourcecode.swift; path = SettingsController.swift; sourceTree = "<group>"; };
		54F98FDA220901000030ED4C /* ProjectsController.swift */ = {isa = PBXFileReference; lastKnownFileType = sourcecode.swift; path = ProjectsController.swift; sourceTree = "<group>"; };
		54F98FDC220901310030ED4C /* PackagesController.swift */ = {isa = PBXFileReference; lastKnownFileType = sourcecode.swift; path = PackagesController.swift; sourceTree = "<group>"; };
		6F2BFE76F5AC2B6D14839743 /* Pods_EvoDoc.framework */ = {isa = PBXFileReference; explicitFileType = wrapper.framework; includeInIndex = 0; path = Pods_EvoDoc.framework; sourceTree = BUILT_PRODUCTS_DIR; };
		9D23BB1C90AE2ABBF2057222 /* Pods-EvoDoc.debug.xcconfig */ = {isa = PBXFileReference; includeInIndex = 1; lastKnownFileType = text.xcconfig; name = "Pods-EvoDoc.debug.xcconfig"; path = "Pods/Target Support Files/Pods-EvoDoc/Pods-EvoDoc.debug.xcconfig"; sourceTree = "<group>"; };
/* End PBXFileReference section */

/* Begin PBXFrameworksBuildPhase section */
		549D5B7721D414CA00A7991B /* Frameworks */ = {
			isa = PBXFrameworksBuildPhase;
			buildActionMask = 2147483647;
			files = (
				925F6BAE140A671DFEACB28D /* Pods_EvoDoc.framework in Frameworks */,
			);
			runOnlyForDeploymentPostprocessing = 0;
		};
/* End PBXFrameworksBuildPhase section */

/* Begin PBXGroup section */
		4F977BAD568412F6685A991C /* Pods */ = {
			isa = PBXGroup;
			children = (
				9D23BB1C90AE2ABBF2057222 /* Pods-EvoDoc.debug.xcconfig */,
				3279A96B9D2D53D7F85B64C7 /* Pods-EvoDoc.release.xcconfig */,
			);
			name = Pods;
			sourceTree = "<group>";
		};
		54053431220B245400FD431D /* Settings */ = {
			isa = PBXGroup;
			children = (
				54053449220C4CFC00FD431D /* ProfileCellAvatarView.swift */,
			);
			path = Settings;
			sourceTree = "<group>";
		};
		54053434220B24EC00FD431D /* Settings */ = {
			isa = PBXGroup;
			children = (
				54053468220F221200FD431D /* ProfileAPIProfileModel.swift */,
				54053466220F1CCF00FD431D /* ProfileModel copy.swift */,
				54053457220C6C6900FD431D /* ProfileModel.swift */,
				5405345D220DA43500FD431D /* SecurityModel.swift */,
				54053435220B24FB00FD431D /* SettingsModel.swift */,
			);
			path = Settings;
			sourceTree = "<group>";
		};
		5405343D220BB32A00FD431D /* Projects */ = {
			isa = PBXGroup;
			children = (
				5405343E220BB33300FD431D /* ProjectListView.swift */,
				54053440220BB34B00FD431D /* ProjectTableCellView.swift */,
				31423BC6220CD88900BAF451 /* ProjectView.swift */,
			);
			path = Projects;
			sourceTree = "<group>";
		};
		54053442220BB36800FD431D /* Projects */ = {
			isa = PBXGroup;
			children = (
				54053443220BB37500FD431D /* ProjectListModel.swift */,
				31423BC8220CDBBF00BAF451 /* ProjectModel.swift */,
			);
			path = Projects;
			sourceTree = "<group>";
		};
		5405344D220C581E00FD431D /* Settings */ = {
			isa = PBXGroup;
			children = (
				54053447220C4CB300FD431D /* ProfileController.swift */,
				54053459220CD79200FD431D /* ProfileEditController.swift */,
				5405345B220DA3E800FD431D /* SecurityController.swift */,
				54F98FD72208FE280030ED4C /* SettingsController.swift */,
			);
			path = Settings;
			sourceTree = "<group>";
		};
		5405344E220C584F00FD431D /* Projects */ = {
			isa = PBXGroup;
			children = (
				54F98FDA220901000030ED4C /* ProjectsController.swift */,
				31423BC4220CD7EC00BAF451 /* ProjectController.swift */,
			);
			path = Projects;
			sourceTree = "<group>";
		};
		5405344F220C585900FD431D /* Packages */ = {
			isa = PBXGroup;
			children = (
				54F98FDC220901310030ED4C /* PackagesController.swift */,
			);
			path = Packages;
			sourceTree = "<group>";
		};
		54053450220C586500FD431D /* Documentation */ = {
			isa = PBXGroup;
			children = (
				54053429220A21CA00FD431D /* AboutController.swift */,
				54F98FD52208FB280030ED4C /* DocumentationController.swift */,
			);
			path = Documentation;
			sourceTree = "<group>";
		};
		54053451220C589400FD431D /* Documentation */ = {
			isa = PBXGroup;
			children = (
				54053427220A21C500FD431D /* AboutView.swift */,
				540534232209D42600FD431D /* DocumentationView.swift */,
			);
			path = Documentation;
			sourceTree = "<group>";
		};
		54053452220C58E300FD431D /* Authorization */ = {
			isa = PBXGroup;
			children = (
				5445738B2207886F009F2416 /* AuthSignInView.swift */,
				544573952207AD0D009F2416 /* AuthSignUpView.swift */,
			);
			path = Authorization;
			sourceTree = "<group>";
		};
		54053453220C58ED00FD431D /* Packages */ = {
			isa = PBXGroup;
			children = (
				54053425220A175F00FD431D /* PackagesView.swift */,
			);
			path = Packages;
			sourceTree = "<group>";
		};
		54053454220C599F00FD431D /* Authorization */ = {
			isa = PBXGroup;
			children = (
				5445738022075682009F2416 /* AuthModel.swift */,
			);
			path = Authorization;
			sourceTree = "<group>";
		};
		5405345F220DDB3C00FD431D /* UICell */ = {
			isa = PBXGroup;
			children = (
				54053460220DDB8600FD431D /* UICellTitleInput.swift */,
				54053462220DE11600FD431D /* UICellTitleText.swift */,
				54053464220E04E800FD431D /* UICellNotes.swift */,
				5405342D220B224500FD431D /* UICellTextArrow.swift */,
			);
			path = UICell;
			sourceTree = "<group>";
		};
		544573882207792F009F2416 /* Tools */ = {
			isa = PBXGroup;
			children = (
				54F98FD02208CDA40030ED4C /* API */,
				54F98FD32208D6D60030ED4C /* Configurations */,
				54F98FD42208D7680030ED4C /* Utilities */,
			);
			path = Tools;
			sourceTree = "<group>";
		};
		549D5B7121D414CA00A7991B = {
			isa = PBXGroup;
			children = (
				549D5B7C21D414CA00A7991B /* evodoc */,
				549D5B7B21D414CA00A7991B /* Products */,
				4F977BAD568412F6685A991C /* Pods */,
				F75FACA696383F149FE66E96 /* Frameworks */,
			);
			sourceTree = "<group>";
			usesTabs = 0;
		};
		549D5B7B21D414CA00A7991B /* Products */ = {
			isa = PBXGroup;
			children = (
				549D5B7A21D414CA00A7991B /* EvoDoc.app */,
			);
			name = Products;
			sourceTree = "<group>";
		};
		549D5B7C21D414CA00A7991B /* evodoc */ = {
			isa = PBXGroup;
			children = (
				544573882207792F009F2416 /* Tools */,
				549D5B9121D4186000A7991B /* Controller */,
				549D5B8F21D4184E00A7991B /* Model */,
				549D5B9021D4185600A7991B /* View */,
				549D5B7D21D414CA00A7991B /* AppDelegate.swift */,
				549D5B8421D414CC00A7991B /* Assets.xcassets */,
				549D5B8921D414CC00A7991B /* Info.plist */,
				549D5B8621D414CC00A7991B /* LaunchScreen.storyboard */,
			);
			path = evodoc;
			sourceTree = "<group>";
		};
		549D5B8F21D4184E00A7991B /* Model */ = {
			isa = PBXGroup;
			children = (
				54053454220C599F00FD431D /* Authorization */,
				54053442220BB36800FD431D /* Projects */,
				54053434220B24EC00FD431D /* Settings */,
			);
			path = Model;
			sourceTree = "<group>";
		};
		549D5B9021D4185600A7991B /* View */ = {
			isa = PBXGroup;
			children = (
				5405345F220DDB3C00FD431D /* UICell */,
				54053452220C58E300FD431D /* Authorization */,
				54053451220C589400FD431D /* Documentation */,
				54053453220C58ED00FD431D /* Packages */,
				5405343D220BB32A00FD431D /* Projects */,
				54053431220B245400FD431D /* Settings */,
			);
			path = View;
			sourceTree = "<group>";
		};
		549D5B9121D4186000A7991B /* Controller */ = {
			isa = PBXGroup;
			children = (
				54F98FD9220900E40030ED4C /* Authorization */,
				54053450220C586500FD431D /* Documentation */,
				5405344F220C585900FD431D /* Packages */,
				5405344E220C584F00FD431D /* Projects */,
				5405344D220C581E00FD431D /* Settings */,
				544573912207AAB9009F2416 /* DashboardController.swift */,
				549D5B7F21D414CA00A7991B /* RootController.swift */,
			);
			path = Controller;
			sourceTree = "<group>";
		};
		54F98FD02208CDA40030ED4C /* API */ = {
			isa = PBXGroup;
			children = (
				54F98FD12208CE3F0030ED4C /* AuthAPI.swift */,
				54053445220C49A800FD431D /* ProfileAPI.swift */,
				5405343B220BB25A00FD431D /* ProjectAPI.swift */,
			);
			path = API;
			sourceTree = "<group>";
		};
		54F98FD32208D6D60030ED4C /* Configurations */ = {
			isa = PBXGroup;
			children = (
				5445738922077940009F2416 /* PaletteConfig.swift */,
				54F98FCE2208B6310030ED4C /* ServerConfig.swift */,
			);
			path = Configurations;
			sourceTree = "<group>";
		};
		54F98FD42208D7680030ED4C /* Utilities */ = {
			isa = PBXGroup;
			children = (
				5445738F2207A185009F2416 /* Utilities.swift */,
				5445738D22078CA7009F2416 /* UtilitiesUI.swift */,
			);
			path = Utilities;
			sourceTree = "<group>";
		};
		54F98FD9220900E40030ED4C /* Authorization */ = {
			isa = PBXGroup;
			children = (
				5445738622076D35009F2416 /* AuthSignInController.swift */,
				544573932207ACF4009F2416 /* AuthSignUpController.swift */,
			);
			path = Authorization;
			sourceTree = "<group>";
		};
		F75FACA696383F149FE66E96 /* Frameworks */ = {
			isa = PBXGroup;
			children = (
				6F2BFE76F5AC2B6D14839743 /* Pods_EvoDoc.framework */,
			);
			name = Frameworks;
			sourceTree = "<group>";
		};
/* End PBXGroup section */

/* Begin PBXNativeTarget section */
		549D5B7921D414CA00A7991B /* EvoDoc */ = {
			isa = PBXNativeTarget;
			buildConfigurationList = 549D5B8C21D414CC00A7991B /* Build configuration list for PBXNativeTarget "EvoDoc" */;
			buildPhases = (
				5FB7493DA4290E13E4BBF4C1 /* [CP] Check Pods Manifest.lock */,
				549D5B7621D414CA00A7991B /* Sources */,
				549D5B7721D414CA00A7991B /* Frameworks */,
				549D5B7821D414CA00A7991B /* Resources */,
				9423A39BC9817A9938C682EC /* [CP] Embed Pods Frameworks */,
			);
			buildRules = (
			);
			dependencies = (
			);
			name = EvoDoc;
			productName = "bi-ios-evodoc";
			productReference = 549D5B7A21D414CA00A7991B /* EvoDoc.app */;
			productType = "com.apple.product-type.application";
		};
/* End PBXNativeTarget section */

/* Begin PBXProject section */
		549D5B7221D414CA00A7991B /* Project object */ = {
			isa = PBXProject;
			attributes = {
				LastSwiftUpdateCheck = 1010;
				LastUpgradeCheck = 1010;
				ORGANIZATIONNAME = evodoc;
				TargetAttributes = {
					549D5B7921D414CA00A7991B = {
						CreatedOnToolsVersion = 10.1;
					};
				};
			};
			buildConfigurationList = 549D5B7521D414CA00A7991B /* Build configuration list for PBXProject "EvoDoc" */;
			compatibilityVersion = "Xcode 9.3";
			developmentRegion = en;
			hasScannedForEncodings = 0;
			knownRegions = (
				en,
				Base,
			);
			mainGroup = 549D5B7121D414CA00A7991B;
			productRefGroup = 549D5B7B21D414CA00A7991B /* Products */;
			projectDirPath = "";
			projectRoot = "";
			targets = (
				549D5B7921D414CA00A7991B /* EvoDoc */,
			);
		};
/* End PBXProject section */

/* Begin PBXResourcesBuildPhase section */
		549D5B7821D414CA00A7991B /* Resources */ = {
			isa = PBXResourcesBuildPhase;
			buildActionMask = 2147483647;
			files = (
				549D5B8821D414CC00A7991B /* LaunchScreen.storyboard in Resources */,
				549D5B8521D414CC00A7991B /* Assets.xcassets in Resources */,
			);
			runOnlyForDeploymentPostprocessing = 0;
		};
/* End PBXResourcesBuildPhase section */

/* Begin PBXShellScriptBuildPhase section */
		5FB7493DA4290E13E4BBF4C1 /* [CP] Check Pods Manifest.lock */ = {
			isa = PBXShellScriptBuildPhase;
			buildActionMask = 2147483647;
			files = (
			);
			inputFileListPaths = (
			);
			inputPaths = (
				"${PODS_PODFILE_DIR_PATH}/Podfile.lock",
				"${PODS_ROOT}/Manifest.lock",
			);
			name = "[CP] Check Pods Manifest.lock";
			outputFileListPaths = (
			);
			outputPaths = (
				"$(DERIVED_FILE_DIR)/Pods-EvoDoc-checkManifestLockResult.txt",
			);
			runOnlyForDeploymentPostprocessing = 0;
			shellPath = /bin/sh;
			shellScript = "diff \"${PODS_PODFILE_DIR_PATH}/Podfile.lock\" \"${PODS_ROOT}/Manifest.lock\" > /dev/null\nif [ $? != 0 ] ; then\n    # print error to STDERR\n    echo \"error: The sandbox is not in sync with the Podfile.lock. Run 'pod install' or update your CocoaPods installation.\" >&2\n    exit 1\nfi\n# This output is used by Xcode 'outputs' to avoid re-running this script phase.\necho \"SUCCESS\" > \"${SCRIPT_OUTPUT_FILE_0}\"\n";
			showEnvVarsInLog = 0;
		};
		9423A39BC9817A9938C682EC /* [CP] Embed Pods Frameworks */ = {
			isa = PBXShellScriptBuildPhase;
			buildActionMask = 2147483647;
			files = (
			);
			inputFileListPaths = (
			);
			inputPaths = (
				"${SRCROOT}/Pods/Target Support Files/Pods-EvoDoc/Pods-EvoDoc-frameworks.sh",
				"${BUILT_PRODUCTS_DIR}/Alamofire/Alamofire.framework",
				"${BUILT_PRODUCTS_DIR}/SnapKit/SnapKit.framework",
			);
			name = "[CP] Embed Pods Frameworks";
			outputFileListPaths = (
			);
			outputPaths = (
				"${TARGET_BUILD_DIR}/${FRAMEWORKS_FOLDER_PATH}/Alamofire.framework",
				"${TARGET_BUILD_DIR}/${FRAMEWORKS_FOLDER_PATH}/SnapKit.framework",
			);
			runOnlyForDeploymentPostprocessing = 0;
			shellPath = /bin/sh;
			shellScript = "\"${SRCROOT}/Pods/Target Support Files/Pods-EvoDoc/Pods-EvoDoc-frameworks.sh\"\n";
			showEnvVarsInLog = 0;
		};
/* End PBXShellScriptBuildPhase section */

/* Begin PBXSourcesBuildPhase section */
		549D5B7621D414CA00A7991B /* Sources */ = {
			isa = PBXSourcesBuildPhase;
			buildActionMask = 2147483647;
			files = (
				54053436220B24FB00FD431D /* SettingsModel.swift in Sources */,
				5405345C220DA3E800FD431D /* SecurityController.swift in Sources */,
				5445738A22077940009F2416 /* PaletteConfig.swift in Sources */,
				5405342A220A21CA00FD431D /* AboutController.swift in Sources */,
				54F98FD82208FE290030ED4C /* SettingsController.swift in Sources */,
				549D5B8021D414CA00A7991B /* RootController.swift in Sources */,
				54053444220BB37500FD431D /* ProjectListModel.swift in Sources */,
				54F98FD62208FB280030ED4C /* DocumentationController.swift in Sources */,
				54053463220DE11600FD431D /* UICellTitleText.swift in Sources */,
				5405345A220CD79200FD431D /* ProfileEditController.swift in Sources */,
				5405343F220BB33300FD431D /* ProjectListView.swift in Sources */,
				544573942207ACF4009F2416 /* AuthSignUpController.swift in Sources */,
				54053426220A176000FD431D /* PackagesView.swift in Sources */,
				54F98FD22208CE3F0030ED4C /* AuthAPI.swift in Sources */,
				54053428220A21C500FD431D /* AboutView.swift in Sources */,
				5445738C2207886F009F2416 /* AuthSignInView.swift in Sources */,
				5445738E22078CA7009F2416 /* UtilitiesUI.swift in Sources */,
				5405343C220BB25A00FD431D /* ProjectAPI.swift in Sources */,
				54053461220DDB8600FD431D /* UICellTitleInput.swift in Sources */,
				54053465220E04E800FD431D /* UICellNotes.swift in Sources */,
				54053458220C6C6900FD431D /* ProfileModel.swift in Sources */,
				54F98FDB220901000030ED4C /* ProjectsController.swift in Sources */,
				5445738722076D35009F2416 /* AuthSignInController.swift in Sources */,
				5405342E220B224500FD431D /* UICellTextArrow.swift in Sources */,
				5445738122075682009F2416 /* AuthModel.swift in Sources */,
				54F98FDD220901310030ED4C /* PackagesController.swift in Sources */,
				54053469220F221200FD431D /* ProfileAPIProfileModel.swift in Sources */,
				54053448220C4CB300FD431D /* ProfileController.swift in Sources */,
				544573902207A185009F2416 /* Utilities.swift in Sources */,
				5405344A220C4CFC00FD431D /* ProfileCellAvatarView.swift in Sources */,
				544573962207AD0D009F2416 /* AuthSignUpView.swift in Sources */,
				5405345E220DA43500FD431D /* SecurityModel.swift in Sources */,
				54053467220F1CCF00FD431D /* ProfileModel copy.swift in Sources */,
				544573922207AAB9009F2416 /* DashboardController.swift in Sources */,
				54F98FCF2208B6310030ED4C /* ServerConfig.swift in Sources */,
				54053441220BB34B00FD431D /* ProjectTableCellView.swift in Sources */,
				549D5B7E21D414CA00A7991B /* AppDelegate.swift in Sources */,
				54053446220C49A800FD431D /* ProfileAPI.swift in Sources */,
				31423BC5220CD7EC00BAF451 /* ProjectController.swift in Sources */,
				31423BC7220CD88900BAF451 /* ProjectView.swift in Sources */,
				540534242209D42600FD431D /* DocumentationView.swift in Sources */,
				31423BC9220CDBBF00BAF451 /* ProjectModel.swift in Sources */,
			);
			runOnlyForDeploymentPostprocessing = 0;
		};
/* End PBXSourcesBuildPhase section */

/* Begin PBXVariantGroup section */
		549D5B8621D414CC00A7991B /* LaunchScreen.storyboard */ = {
			isa = PBXVariantGroup;
			children = (
				549D5B8721D414CC00A7991B /* Base */,
			);
			name = LaunchScreen.storyboard;
			sourceTree = "<group>";
		};
/* End PBXVariantGroup section */

/* Begin XCBuildConfiguration section */
		549D5B8A21D414CC00A7991B /* Debug */ = {
			isa = XCBuildConfiguration;
			buildSettings = {
				ALWAYS_SEARCH_USER_PATHS = NO;
				CLANG_ANALYZER_NONNULL = YES;
				CLANG_ANALYZER_NUMBER_OBJECT_CONVERSION = YES_AGGRESSIVE;
				CLANG_CXX_LANGUAGE_STANDARD = "gnu++14";
				CLANG_CXX_LIBRARY = "libc++";
				CLANG_ENABLE_MODULES = YES;
				CLANG_ENABLE_OBJC_ARC = YES;
				CLANG_ENABLE_OBJC_WEAK = YES;
				CLANG_WARN_BLOCK_CAPTURE_AUTORELEASING = YES;
				CLANG_WARN_BOOL_CONVERSION = YES;
				CLANG_WARN_COMMA = YES;
				CLANG_WARN_CONSTANT_CONVERSION = YES;
				CLANG_WARN_DEPRECATED_OBJC_IMPLEMENTATIONS = YES;
				CLANG_WARN_DIRECT_OBJC_ISA_USAGE = YES_ERROR;
				CLANG_WARN_DOCUMENTATION_COMMENTS = YES;
				CLANG_WARN_EMPTY_BODY = YES;
				CLANG_WARN_ENUM_CONVERSION = YES;
				CLANG_WARN_INFINITE_RECURSION = YES;
				CLANG_WARN_INT_CONVERSION = YES;
				CLANG_WARN_NON_LITERAL_NULL_CONVERSION = YES;
				CLANG_WARN_OBJC_IMPLICIT_RETAIN_SELF = YES;
				CLANG_WARN_OBJC_LITERAL_CONVERSION = YES;
				CLANG_WARN_OBJC_ROOT_CLASS = YES_ERROR;
				CLANG_WARN_RANGE_LOOP_ANALYSIS = YES;
				CLANG_WARN_STRICT_PROTOTYPES = YES;
				CLANG_WARN_SUSPICIOUS_MOVE = YES;
				CLANG_WARN_UNGUARDED_AVAILABILITY = YES_AGGRESSIVE;
				CLANG_WARN_UNREACHABLE_CODE = YES;
				CLANG_WARN__DUPLICATE_METHOD_MATCH = YES;
				CODE_SIGN_IDENTITY = "iPhone Developer";
				COPY_PHASE_STRIP = NO;
				DEBUG_INFORMATION_FORMAT = dwarf;
				ENABLE_STRICT_OBJC_MSGSEND = YES;
				ENABLE_TESTABILITY = YES;
				GCC_C_LANGUAGE_STANDARD = gnu11;
				GCC_DYNAMIC_NO_PIC = NO;
				GCC_NO_COMMON_BLOCKS = YES;
				GCC_OPTIMIZATION_LEVEL = 0;
				GCC_PREPROCESSOR_DEFINITIONS = (
					"DEBUG=1",
					"$(inherited)",
				);
				GCC_WARN_64_TO_32_BIT_CONVERSION = YES;
				GCC_WARN_ABOUT_RETURN_TYPE = YES_ERROR;
				GCC_WARN_UNDECLARED_SELECTOR = YES;
				GCC_WARN_UNINITIALIZED_AUTOS = YES_AGGRESSIVE;
				GCC_WARN_UNUSED_FUNCTION = YES;
				GCC_WARN_UNUSED_VARIABLE = YES;
				IPHONEOS_DEPLOYMENT_TARGET = 12.1;
				MTL_ENABLE_DEBUG_INFO = INCLUDE_SOURCE;
				MTL_FAST_MATH = YES;
				ONLY_ACTIVE_ARCH = YES;
				SDKROOT = iphoneos;
				SWIFT_ACTIVE_COMPILATION_CONDITIONS = DEBUG;
				SWIFT_OPTIMIZATION_LEVEL = "-Onone";
			};
			name = Debug;
		};
		549D5B8B21D414CC00A7991B /* Release */ = {
			isa = XCBuildConfiguration;
			buildSettings = {
				ALWAYS_SEARCH_USER_PATHS = NO;
				CLANG_ANALYZER_NONNULL = YES;
				CLANG_ANALYZER_NUMBER_OBJECT_CONVERSION = YES_AGGRESSIVE;
				CLANG_CXX_LANGUAGE_STANDARD = "gnu++14";
				CLANG_CXX_LIBRARY = "libc++";
				CLANG_ENABLE_MODULES = YES;
				CLANG_ENABLE_OBJC_ARC = YES;
				CLANG_ENABLE_OBJC_WEAK = YES;
				CLANG_WARN_BLOCK_CAPTURE_AUTORELEASING = YES;
				CLANG_WARN_BOOL_CONVERSION = YES;
				CLANG_WARN_COMMA = YES;
				CLANG_WARN_CONSTANT_CONVERSION = YES;
				CLANG_WARN_DEPRECATED_OBJC_IMPLEMENTATIONS = YES;
				CLANG_WARN_DIRECT_OBJC_ISA_USAGE = YES_ERROR;
				CLANG_WARN_DOCUMENTATION_COMMENTS = YES;
				CLANG_WARN_EMPTY_BODY = YES;
				CLANG_WARN_ENUM_CONVERSION = YES;
				CLANG_WARN_INFINITE_RECURSION = YES;
				CLANG_WARN_INT_CONVERSION = YES;
				CLANG_WARN_NON_LITERAL_NULL_CONVERSION = YES;
				CLANG_WARN_OBJC_IMPLICIT_RETAIN_SELF = YES;
				CLANG_WARN_OBJC_LITERAL_CONVERSION = YES;
				CLANG_WARN_OBJC_ROOT_CLASS = YES_ERROR;
				CLANG_WARN_RANGE_LOOP_ANALYSIS = YES;
				CLANG_WARN_STRICT_PROTOTYPES = YES;
				CLANG_WARN_SUSPICIOUS_MOVE = YES;
				CLANG_WARN_UNGUARDED_AVAILABILITY = YES_AGGRESSIVE;
				CLANG_WARN_UNREACHABLE_CODE = YES;
				CLANG_WARN__DUPLICATE_METHOD_MATCH = YES;
				CODE_SIGN_IDENTITY = "iPhone Developer";
				COPY_PHASE_STRIP = NO;
				DEBUG_INFORMATION_FORMAT = "dwarf-with-dsym";
				ENABLE_NS_ASSERTIONS = NO;
				ENABLE_STRICT_OBJC_MSGSEND = YES;
				GCC_C_LANGUAGE_STANDARD = gnu11;
				GCC_NO_COMMON_BLOCKS = YES;
				GCC_WARN_64_TO_32_BIT_CONVERSION = YES;
				GCC_WARN_ABOUT_RETURN_TYPE = YES_ERROR;
				GCC_WARN_UNDECLARED_SELECTOR = YES;
				GCC_WARN_UNINITIALIZED_AUTOS = YES_AGGRESSIVE;
				GCC_WARN_UNUSED_FUNCTION = YES;
				GCC_WARN_UNUSED_VARIABLE = YES;
				IPHONEOS_DEPLOYMENT_TARGET = 12.1;
				MTL_ENABLE_DEBUG_INFO = NO;
				MTL_FAST_MATH = YES;
				SDKROOT = iphoneos;
				SWIFT_COMPILATION_MODE = wholemodule;
				SWIFT_OPTIMIZATION_LEVEL = "-O";
				VALIDATE_PRODUCT = YES;
			};
			name = Release;
		};
		549D5B8D21D414CC00A7991B /* Debug */ = {
			isa = XCBuildConfiguration;
			baseConfigurationReference = 9D23BB1C90AE2ABBF2057222 /* Pods-EvoDoc.debug.xcconfig */;
			buildSettings = {
				ASSETCATALOG_COMPILER_APPICON_NAME = AppIcon;
				CODE_SIGN_STYLE = Automatic;
				DEVELOPMENT_TEAM = N6MT3VB3A8;
				INFOPLIST_FILE = evodoc/Info.plist;
				LD_RUNPATH_SEARCH_PATHS = (
					"$(inherited)",
					"@executable_path/Frameworks",
				);
				PRODUCT_BUNDLE_IDENTIFIER = "com.evodoc.client-ios";
				PRODUCT_NAME = "$(TARGET_NAME)";
				SWIFT_VERSION = 4.2;
				TARGETED_DEVICE_FAMILY = "1,2";
			};
			name = Debug;
		};
		549D5B8E21D414CC00A7991B /* Release */ = {
			isa = XCBuildConfiguration;
			baseConfigurationReference = 3279A96B9D2D53D7F85B64C7 /* Pods-EvoDoc.release.xcconfig */;
			buildSettings = {
				ASSETCATALOG_COMPILER_APPICON_NAME = AppIcon;
				CODE_SIGN_STYLE = Automatic;
				DEVELOPMENT_TEAM = N6MT3VB3A8;
				INFOPLIST_FILE = evodoc/Info.plist;
				LD_RUNPATH_SEARCH_PATHS = (
					"$(inherited)",
					"@executable_path/Frameworks",
				);
				PRODUCT_BUNDLE_IDENTIFIER = "com.evodoc.client-ios";
				PRODUCT_NAME = "$(TARGET_NAME)";
				SWIFT_VERSION = 4.2;
				TARGETED_DEVICE_FAMILY = "1,2";
			};
			name = Release;
		};
/* End XCBuildConfiguration section */

/* Begin XCConfigurationList section */
		549D5B7521D414CA00A7991B /* Build configuration list for PBXProject "EvoDoc" */ = {
			isa = XCConfigurationList;
			buildConfigurations = (
				549D5B8A21D414CC00A7991B /* Debug */,
				549D5B8B21D414CC00A7991B /* Release */,
			);
			defaultConfigurationIsVisible = 0;
			defaultConfigurationName = Release;
		};
		549D5B8C21D414CC00A7991B /* Build configuration list for PBXNativeTarget "EvoDoc" */ = {
			isa = XCConfigurationList;
			buildConfigurations = (
				549D5B8D21D414CC00A7991B /* Debug */,
				549D5B8E21D414CC00A7991B /* Release */,
			);
			defaultConfigurationIsVisible = 0;
			defaultConfigurationName = Release;
		};
/* End XCConfigurationList section */
	};
	rootObject = 549D5B7221D414CA00A7991B /* Project object */;
}
